
Microsoft Visual Studio Solution File, Format Version 12.00
# Visual Studio Version 17
VisualStudioVersion = 17.2.32526.322
MinimumVisualStudioVersion = 10.0.40219.1
Project("{FAE04EC0-301F-11D3-BF4B-00C04F79EFBC}") = "Project", "Project\Project.csproj", "{0A8AECDC-8F5D-4E17-B90E-BEEC4958BA3D}"
EndProject
Global
	GlobalSection(SolutionConfigurationPlatforms) = preSolution
		Debug|Any CPU = Debug|Any CPU
		Release|Any CPU = Release|Any CPU
	EndGlobalSection
	GlobalSection(ProjectConfigurationPlatforms) = postSolution
		{0A8AECDC-8F5D-4E17-B90E-BEEC4958BA3D}.Debug|Any CPU.ActiveCfg = Debug|Any CPU
		{0A8AECDC-8F5D-4E17-B90E-BEEC4958BA3D}.Debug|Any CPU.Build.0 = Debug|Any CPU
		{0A8AECDC-8F5D-4E17-B90E-BEEC4958BA3D}.Release|Any CPU.ActiveCfg = Release|Any CPU
		{0A8AECDC-8F5D-4E17-B90E-BEEC4958BA3D}.Release|Any CPU.Build.0 = Release|Any CPU
	EndGlobalSection
	GlobalSection(SolutionProperties) = preSolution
		HideSolutionNode = FALSE
	EndGlobalSection
	GlobalSection(ExtensibilityGlobals) = postSolution
		SolutionGuid = {F5292881-928A-460D-AE6A-70CA835BE8BC}
	EndGlobalSection
EndGlobal
